lockfileVersion: '9.0'

settings:
  autoInstallPeers: true
  excludeLinksFromLockfile: false

importers:

  .: {}

  packages/anymine:
    dependencies:
      anymine-packer:
        specifier: workspace:^
        version: link:../anymine-packer
      anymine-vm-runtime:
        specifier: workspace:^
        version: link:../anymine-vm-runtime
      anymine-webext-runtime:
        specifier: workspace:^
        version: link:../anymine-webext-runtime
      jasmine-core:
        specifier: ^5
        version: 5.2.0
      source-map:
        specifier: ^0.7.4
        version: 0.7.4
    devDependencies:
      '@tsconfig/node22':
        specifier: ^22
        version: 22.0.0
      '@types/chrome':
        specifier: ^0.0.206
        version: 0.0.206
      '@types/jasmine':
        specifier: ^5
        version: 5.1.4
      '@types/node':
        specifier: ^22
        version: 22.5.0
      typescript:
        specifier: ^5
        version: 5.5.4

  packages/anymine-interface:
    devDependencies:
      '@tsconfig/node18':
        specifier: ^1.0.1
        version: 1.0.1
      typescript:
        specifier: ^4.9.4
        version: 4.9.4

  packages/anymine-packer:
    dependencies:
      '@swc/core':
        specifier: ^1.3.24
        version: 1.3.24
      fast-glob:
        specifier: ^3.2.12
        version: 3.2.12
      rollup:
        specifier: ^3.9.0
        version: 3.9.0
      rollup-plugin-swc3:
        specifier: ^0.8.0
        version: 0.8.0(@swc/core@1.3.24)(rollup@3.9.0)
    devDependencies:
      '@tsconfig/node22':
        specifier: ^22
        version: 22.0.0
      '@types/jasmine':
        specifier: ^5
        version: 5.1.4
      '@types/node':
        specifier: ^22
        version: 22.5.0
      jasmine:
        specifier: ^5
        version: 5.2.0
      source-map:
        specifier: ^0.7.4
        version: 0.7.4
      typescript:
        specifier: ^5
        version: 5.5.4

  packages/anymine-vm-runtime:
    dependencies:
      anymine-interface:
        specifier: workspace:^
        version: link:../anymine-interface
    devDependencies:
      '@tsconfig/node22':
        specifier: ^22
        version: 22.0.0
      '@types/jasmine':
        specifier: ^5
        version: 5.1.4
      '@types/node':
        specifier: ^22
        version: 22.5.0
      jasmine:
        specifier: ^5
        version: 5.2.0
      typescript:
        specifier: ^5
        version: 5.5.4

  packages/anymine-webext-runtime:
    dependencies:
      anymine-interface:
        specifier: workspace:^
        version: link:../anymine-interface
      chrome-launcher:
        specifier: ^0.15.2
        version: 0.15.2
      chrome-remote-interface:
        specifier: ^0.33.2
        version: 0.33.2
      devtools-protocol:
        specifier: ^0.0.927104
        version: 0.0.927104
      tmp:
        specifier: ^0.2.3
        version: 0.2.3
    devDependencies:
      '@tsconfig/node22':
        specifier: ^22
        version: 22.0.0
      '@types/chrome-remote-interface':
        specifier: ^0.31.14
        version: 0.31.14
      '@types/jasmine':
        specifier: ^5
        version: 5.1.4
      '@types/tmp':
        specifier: ^0.2.3
        version: 0.2.3
      jasmine:
        specifier: ^5
        version: 5.2.0
      typescript:
        specifier: ^5
        version: 5.5.4

packages:

  '@fastify/deepmerge@1.3.0':
    resolution: {integrity: sha512-J8TOSBq3SoZbDhM9+R/u77hP93gz/rajSA+K2kGyijPpORPWUXHUpTaleoj+92As0S9uPRP7Oi8IqMf0u+ro6A==}

  '@isaacs/cliui@8.0.2':
    resolution: {integrity: sha512-O8jcjabXaleOG9DQ0+ARXWZBTfnP4WNAqzuiJK7ll44AmxGKv/J2M4TPjxjY3znBCfvBXFzucm1twdyFybFqEA==}
    engines: {node: '>=12'}

  '@nodelib/fs.scandir@2.1.5':
    resolution: {integrity: sha512-vq24Bq3ym5HEQm2NKCr3yXDwjc7vTsEThRDnkp2DK9p1uqLR+DHurm/NOTo0KG7HYHU7eppKZj3MyqYuMBf62g==}
    engines: {node: '>= 8'}

  '@nodelib/fs.stat@2.0.5':
    resolution: {integrity: sha512-RkhPPp2zrqDAQA/2jNhnztcPAlv64XdhIp7a7454A5ovI7Bukxgt7MX7udwAu3zg1DcpPU0rz3VV1SeaqvY4+A==}
    engines: {node: '>= 8'}

  '@nodelib/fs.walk@1.2.8':
    resolution: {integrity: sha512-oGB+UxlgWcgQkgwo8GcEGwemoTFt3FIO9ababBmaGwXIoBKZ+GTy0pP185beGg7Llih/NSHSV2XAs1lnznocSg==}
    engines: {node: '>= 8'}

  '@pkgjs/parseargs@0.11.0':
    resolution: {integrity: sha512-+1VkjdD0QBLPodGrJUeqarH8VAIvQODIbwh9XpP5Syisf7YoQgsJKPNFoqqLQlu+VQ/tVSshMR6loPMn8U+dPg==}
    engines: {node: '>=14'}

  '@rollup/pluginutils@4.2.1':
    resolution: {integrity: sha512-iKnFXr7NkdZAIHiIWE+BX5ULi/ucVFYWD6TbAV+rZctiRTY2PL6tsIKhoIOaoskiWAkgu+VsbXgUVDNLHf+InQ==}
    engines: {node: '>= 8.0.0'}

  '@swc/core-darwin-arm64@1.3.24':
    resolution: {integrity: sha512-rR+9UpWm+fGXcipsjCst2hIL1GYIbo0YTLhJZWdIpQD6KRHHJMFXiydMgQQkDj2Ml7HpqUVgxj6m4ZWYL8b0OA==}
    engines: {node: '>=10'}
    cpu: [arm64]
    os: [darwin]

  '@swc/core-darwin-x64@1.3.24':
    resolution: {integrity: sha512-px+5vkGtgPH0m3FkkTBHynlRdS5rRz+lK+wiXIuBZFJSySWFl6RkKbvwkD+sf0MpazQlqwlv/rTOGJBw6oDffg==}
    engines: {node: '>=10'}
    cpu: [x64]
    os: [darwin]

  '@swc/core-linux-arm-gnueabihf@1.3.24':
    resolution: {integrity: sha512-jLs8ZOdTV4UW4J12E143QJ4mOMONQtqgAnuhBbRuWFzQ3ny1dfoC3P1jNWAJ2Xi59XdxAIXn0PggPNH4Kh34kw==}
    engines: {node: '>=10'}
    cpu: [arm]
    os: [linux]

  '@swc/core-linux-arm64-gnu@1.3.24':
    resolution: {integrity: sha512-A/v0h70BekrwGpp1DlzIFGcHQ3QQ2PexXcnnuIBZeMc9gNmHlcZmg3EcwAnaUDiokhNuSUFA/wV94yk1OqmSkw==}
    engines: {node: '>=10'}
    cpu: [arm64]
    os: [linux]

  '@swc/core-linux-arm64-musl@1.3.24':
    resolution: {integrity: sha512-pbc9eArWPTiMrbpS/pJo0IiQNAKAQBcBIDjWBGP1tcw2iDXYLw4bruwz9kI/VjakbshWb8MoE4T5ClkeuULvSw==}
    engines: {node: '>=10'}
    cpu: [arm64]
    os: [linux]

  '@swc/core-linux-x64-gnu@1.3.24':
    resolution: {integrity: sha512-pP5pOLlY1xd352qo7rTlpVPUI9/9VhOd4b3Lk+LzfZDq9bTL2NDlGfyrPiwa5DGHMSzrugH56K2J68eutkxYVA==}
    engines: {node: '>=10'}
    cpu: [x64]
    os: [linux]

  '@swc/core-linux-x64-musl@1.3.24':
    resolution: {integrity: sha512-phNbP7zGp+Wcyxq1Qxlpe5KkxO7WLT2kVQUC7aDFGlVdCr+xdXsfH1MzheHtnr0kqTVQX1aiM8XXXHfFxR0oNA==}
    engines: {node: '>=10'}
    cpu: [x64]
    os: [linux]

  '@swc/core-win32-arm64-msvc@1.3.24':
    resolution: {integrity: sha512-qhbiJTWAOqyR+K9xnGmCkOWSz2EmWpDBstEJCEOTc6FZiEdbiTscDmqTcMbCKaTHGu8t+6erVA4t65/Eg6uWPA==}
    engines: {node: '>=10'}
    cpu: [arm64]
    os: [win32]

  '@swc/core-win32-ia32-msvc@1.3.24':
    resolution: {integrity: sha512-JfghIlscE4Rz+Lc08lSoDh+R0cWxrISed5biogFfE6vZqhaDnw3E5Qshqw7O3pIaiq8L2u1nmzuyP581ZmpbRA==}
    engines: {node: '>=10'}
    cpu: [ia32]
    os: [win32]

  '@swc/core-win32-x64-msvc@1.3.24':
    resolution: {integrity: sha512-3AmJRr0hwciwDBbzUNqaftvppzS8v9X/iv/Wl7YaVLBVpPfQvaZzfqLycvNMGLZb5vIKXR/u58txg3dRBGsJtw==}
    engines: {node: '>=10'}
    cpu: [x64]
    os: [win32]

  '@swc/core@1.3.24':
    resolution: {integrity: sha512-QMOTd0AgiUT3K1crxLRqd3gw0f3FC8hhH1vvlIlryvYqU4c+FJ/T2G4ZhMKLxQlZ/jX6Rhk0gKINZRBxy2GFyQ==}
    engines: {node: '>=10'}
    hasBin: true

  '@tsconfig/node18@1.0.1':
    resolution: {integrity: sha512-sNFeK6X2ATlhlvzyH4kKYQlfHXE2f2/wxtB9ClvYXevWpmwkUT7VaSrjIN9E76Qebz8qP5JOJJ9jD3QoD/Z9TA==}

  '@tsconfig/node22@22.0.0':
    resolution: {integrity: sha512-twLQ77zevtxobBOD4ToAtVmuYrpeYUh3qh+TEp+08IWhpsrIflVHqQ1F1CiPxQGL7doCdBIOOCF+1Tm833faNg==}

  '@types/chrome-remote-interface@0.31.14':
    resolution: {integrity: sha512-H9hTcLu1y+Ms6GDPXXeGhgxaOSD69yEo674vjJw5EeW1tTwYo8fEkf7A9nWlnO6ArJsS7c41iZeX6mRDQ1LhEw==}

  '@types/chrome@0.0.206':
    resolution: {integrity: sha512-fQnTFjghPB9S4UzbfublUB6KmsBkvvJeGXGaaoD5Qu+ZxrDUfgJnKN5egLSzDcGAH5YxQubDgbCdNwwUGewQHg==}

  '@types/filesystem@0.0.32':
    resolution: {integrity: sha512-Yuf4jR5YYMR2DVgwuCiP11s0xuVRyPKmz8vo6HBY3CGdeMj8af93CFZX+T82+VD1+UqHOxTq31lO7MI7lepBtQ==}

  '@types/filewriter@0.0.29':
    resolution: {integrity: sha512-BsPXH/irW0ht0Ji6iw/jJaK8Lj3FJemon2gvEqHKpCdDCeemHa+rI3WBGq5z7cDMZgoLjY40oninGxqk+8NzNQ==}

  '@types/har-format@1.2.11':
    resolution: {integrity: sha512-T232/TneofqK30AD1LRrrf8KnjLvzrjWDp7eWST5KoiSzrBfRsLrWDPk4STQPW4NZG6v2MltnduBVmakbZOBIQ==}

  '@types/jasmine@5.1.4':
    resolution: {integrity: sha512-px7OMFO/ncXxixDe1zR13V1iycqWae0MxTaw62RpFlksUi5QuNWgQJFkTQjIOvrmutJbI7Fp2Y2N1F6D2R4G6w==}

  '@types/node@22.5.0':
    resolution: {integrity: sha512-DkFrJOe+rfdHTqqMg0bSNlGlQ85hSoh2TPzZyhHsXnMtligRWpxUySiyw8FY14ITt24HVCiQPWxS3KO/QlGmWg==}

  '@types/tmp@0.2.3':
    resolution: {integrity: sha512-dDZH/tXzwjutnuk4UacGgFRwV+JSLaXL1ikvidfJprkb7L9Nx1njcRHHmi3Dsvt7pgqqTEeucQuOrWHPFgzVHA==}

  ansi-regex@5.0.1:
    resolution: {integrity: sha512-quJQXlTSUGL2LH9SUXo8VwsY4soanhgo6LNSm84E1LBcE8s3O0wpdiRzyR9z/ZZJMlMWv37qOOb9pdJlMUEKFQ==}
    engines: {node: '>=8'}

  ansi-regex@6.0.1:
    resolution: {integrity: sha512-n5M855fKb2SsfMIiFFoVrABHJC8QtHwVx+mHWP3QcEqBHYienj5dHSgjbxtC0WEZXYt4wcD6zrQElDPhFuZgfA==}
    engines: {node: '>=12'}

  ansi-styles@4.3.0:
    resolution: {integrity: sha512-zbB9rCJAT1rbjiVDb2hqKFHNYLxgtk8NURxZ3IZwD3F6NtxbXZQCnnSi1Lkx+IDohdPlFp222wVALIheZJQSEg==}
    engines: {node: '>=8'}

  ansi-styles@6.2.1:
    resolution: {integrity: sha512-bN798gFfQX+viw3R7yrGWRqnrN2oRkEkUjjl4JNn4E8GxxbjtG3FbrEIIY3l8/hrwUwIeCZvi4QuOTP4MErVug==}
    engines: {node: '>=12'}

  balanced-match@1.0.2:
    resolution: {integrity: sha512-3oSeUO0TMV67hN1AmbXsK4yaqU7tjiHlbxRDZOpH0KW9+CeX4bRAaX0Anxt0tx2MrpRpWwQaPwIlISEJhYU5Pw==}

  brace-expansion@2.0.1:
    resolution: {integrity: sha512-XnAIvQ8eM+kC6aULx6wuQiwVsnzsi9d3WxzV3FpWTGA19F621kwdbsAcFKXgKUHZWsy+mY6iL1sHTxWEFCytDA==}

  braces@3.0.2:
    resolution: {integrity: sha512-b8um+L1RzM3WDSzvhm6gIz1yfTbBt6YTlcEKAvsmqCZZFw46z626lVj9j1yEPW33H5H+lBQpZMP1k8l+78Ha0A==}
    engines: {node: '>=8'}

  chrome-launcher@0.15.2:
    resolution: {integrity: sha512-zdLEwNo3aUVzIhKhTtXfxhdvZhUghrnmkvcAq2NoDd+LeOHKf03H5jwZ8T/STsAlzyALkBVK552iaG1fGf1xVQ==}
    engines: {node: '>=12.13.0'}
    hasBin: true

  chrome-remote-interface@0.33.2:
    resolution: {integrity: sha512-wvm9cOeBTrb218EC+6DteGt92iXr2iY0+XJP30f15JVDhqvWvJEVACh9GvUm8b9Yd8bxQivaLSb8k7mgrbyomQ==}
    hasBin: true

  color-convert@2.0.1:
    resolution: {integrity: sha512-RRECPsj7iu/xb5oKYcsFHSppFNnsj/52OVTRKb4zP5onXwVF3zVmmToNcOfGC+CRDpfK/U584fMg38ZHCaElKQ==}
    engines: {node: '>=7.0.0'}

  color-name@1.1.4:
    resolution: {integrity: sha512-dOy+3AuW3a2wNbZHIuMZpTcgjGuLU/uBL/ubcZF9OXbDo8ff4O8yVp5Bf0efS8uEoYo5q4Fx7dY9OgQGXgAsQA==}

  commander@2.11.0:
    resolution: {integrity: sha512-b0553uYA5YAEGgyYIGYROzKQ7X5RAqedkfjiZxwi0kL1g3bOaBNNZfYkzt/CL0umgD5wc9Jec2FbB98CjkMRvQ==}

  cross-spawn@7.0.3:
    resolution: {integrity: sha512-iRDPJKUPVEND7dHPO8rkbOnPpyDygcDFtWjpeWNCgy8WP2rXcxXL8TskReQl6OrB2G7+UJrags1q15Fudc7G6w==}
    engines: {node: '>= 8'}

  debug@2.6.9:
    resolution: {integrity: sha512-bC7ElrdJaJnPbAP+1EotYvqZsb3ecl5wi6Bfi6BJTUcNowp6cvspg0jXznRTKDjm/E7AdgFBVeAPVMNcKGsHMA==}
    peerDependencies:
      supports-color: '*'
    peerDependenciesMeta:
      supports-color:
        optional: true

  devtools-protocol@0.0.927104:
    resolution: {integrity: sha512-5jfffjSuTOv0Lz53wTNNTcCUV8rv7d82AhYcapj28bC2B5tDxEZzVb7k51cNxZP2KHw24QE+sW7ZuSeD9NfMpA==}

  eastasianwidth@0.2.0:
    resolution: {integrity: sha512-I88TYZWc9XiYHRQ4/3c5rjjfgkjhLyW2luGIheGERbNQ6OY7yTybanSpDXZa8y7VUP9YmDcYa+eyq4ca7iLqWA==}

  emoji-regex@8.0.0:
    resolution: {integrity: sha512-MSjYzcWNOA0ewAHpz0MxpYFvwg6yjy1NG3xteoqz644VCo/RPgnr1/GGt+ic3iJTzQ8Eu3TdM14SawnVUmGE6A==}

  emoji-regex@9.2.2:
    resolution: {integrity: sha512-L18DaJsXSUk2+42pv8mLs5jJT2hqFkFE4j21wOmgbUqsZ2hL72NsUU785g9RXgo3s0ZNgVl42TiHp3ZtOv/Vyg==}

  escape-string-regexp@4.0.0:
    resolution: {integrity: sha512-TtpcNJ3XAzx3Gq8sWRzJaVajRs0uVxA2YAkdb1jm2YkPz4G6egUFAyA3n5vtEIZefPk5Wa4UXbKuS5fKkJWdgA==}
    engines: {node: '>=10'}

  estree-walker@2.0.2:
    resolution: {integrity: sha512-Rfkk/Mp/DL7JVje3u18FxFujQlTNR2q6QfMSMB7AvCBx91NGj/ba3kCfza0f6dVDbw7YlRf/nDrn7pQrCCyQ/w==}

  fast-glob@3.2.12:
    resolution: {integrity: sha512-DVj4CQIYYow0BlaelwK1pHl5n5cRSJfM60UA0zK891sVInoPri2Ekj7+e1CT3/3qxXenpI+nBBmQAcJPJgaj4w==}
    engines: {node: '>=8.6.0'}

  fastq@1.14.0:
    resolution: {integrity: sha512-eR2D+V9/ExcbF9ls441yIuN6TI2ED1Y2ZcA5BmMtJsOkWOFRJQ0Jt0g1UwqXJJVAb+V+umH5Dfr8oh4EVP7VVg==}

  fill-range@7.0.1:
    resolution: {integrity: sha512-qOo9F+dMUmC2Lcb4BbVvnKJxTPjCm+RRpe4gDuGrzkL7mEVl/djYSu2OdQ2Pa302N4oqkSg9ir6jaLWJ2USVpQ==}
    engines: {node: '>=8'}

  foreground-child@3.3.0:
    resolution: {integrity: sha512-Ld2g8rrAyMYFXBhEqMz8ZAHBi4J4uS1i/CxGMDnjyFWddMXLVcDp051DZfu+t7+ab7Wv6SMqpWmyFIj5UbfFvg==}
    engines: {node: '>=14'}

  fsevents@2.3.2:
    resolution: {integrity: sha512-xiqMQR4xAeHTuB9uWm+fFRcIOgKBMiOBP+eXiyT7jsgVCq1bkVygt00oASowB7EdtpOHaaPgKt812P9ab+DDKA==}
    engines: {node: ^8.16.0 || ^10.6.0 || >=11.0.0}
    os: [darwin]

  get-tsconfig@4.2.0:
    resolution: {integrity: sha512-X8u8fREiYOE6S8hLbq99PeykTDoLVnxvF4DjWKJmz9xy2nNRdUcV8ZN9tniJFeKyTU3qnC9lL8n4Chd6LmVKHg==}

  glob-parent@5.1.2:
    resolution: {integrity: sha512-AOIgSQCepiJYwP3ARnGx+5VnTu2HBYdzbGP45eLw1vr3zB3vZLeyed1sC9hnbcOc9/SrMyM5RPQrkGz4aS9Zow==}
    engines: {node: '>= 6'}

  glob@10.4.5:
    resolution: {integrity: sha512-7Bv8RF0k6xjo7d4A/PxYLbUCfb6c+Vpd2/mB2yRDlew7Jb5hEXiCD9ibfO7wpk8i4sevK6DFny9h7EYbM3/sHg==}
    hasBin: true

  is-docker@2.2.1:
    resolution: {integrity: sha512-F+i2BKsFrH66iaUFc0woD8sLy8getkwTwtOBjvs56Cx4CgJDeKQeqfz8wAYiSb8JOprWhHH5p77PbmYCvvUuXQ==}
    engines: {node: '>=8'}
    hasBin: true

  is-extglob@2.1.1:
    resolution: {integrity: sha512-SbKbANkN603Vi4jEZv49LeVJMn4yGwsbzZworEoyEiutsN3nJYdbO36zfhGJ6QEDpOZIFkDtnq5JRxmvl3jsoQ==}
    engines: {node: '>=0.10.0'}

  is-fullwidth-code-point@3.0.0:
    resolution: {integrity: sha512-zymm5+u+sCsSWyD9qNaejV3DFvhCKclKdizYaJUuHA83RLjb7nSuGnddCHGv0hk+KY7BMAlsWeK4Ueg6EV6XQg==}
    engines: {node: '>=8'}

  is-glob@4.0.3:
    resolution: {integrity: sha512-xelSayHH36ZgE7ZWhli7pW34hNbNl8Ojv5KVmkJD4hBdD3th8Tfk9vYasLM+mXWOZhFkgZfxhLSnrwRr4elSSg==}
    engines: {node: '>=0.10.0'}

  is-number@7.0.0:
    resolution: {integrity: sha512-41Cifkg6e8TylSpdtTpeLVMqvSBEVzTttHvERD741+pnZ8ANv0004MRL43QKPDlK9cGvNp6NZWZUBlbGXYxxng==}
    engines: {node: '>=0.12.0'}

  is-wsl@2.2.0:
    resolution: {integrity: sha512-fKzAra0rGJUUBwGBgNkHZuToZcn+TtXHpeCgmkMJMMYx1sQDYaCSyjJBSCa2nH1DGm7s3n1oBnohoVTBaN7Lww==}
    engines: {node: '>=8'}

  isexe@2.0.0:
    resolution: {integrity: sha512-RHxMLp9lnKHGHRng9QFhRCMbYAcVpn69smSGcq3f36xjgVVWThj4qqLbTLlq7Ssj8B+fIQ1EuCEGI2lKsyQeIw==}

  jackspeak@3.4.3:
    resolution: {integrity: sha512-OGlZQpz2yfahA/Rd1Y8Cd9SIEsqvXkLVoSw/cgwhnhFMDbsQFeZYoJJ7bIZBS9BcamUW96asq/npPWugM+RQBw==}

  jasmine-core@5.2.0:
    resolution: {integrity: sha512-tSAtdrvWybZkQmmaIoDgnvHG8ORUNw5kEVlO5CvrXj02Jjr9TZrmjFq7FUiOUzJiOP2wLGYT6PgrQgQF4R1xiw==}

  jasmine@5.2.0:
    resolution: {integrity: sha512-il+noV96N1BGU9/FMmc8QtAMxC8lPnXUiAvgb0o9MDZATRdxglTQe9wo6UdL049ropQL6MopDYwDlludKR6wJQ==}
    hasBin: true

  lighthouse-logger@1.4.2:
    resolution: {integrity: sha512-gPWxznF6TKmUHrOQjlVo2UbaL2EJ71mb2CCeRs/2qBpi4L/g4LUVc9+3lKQ6DTUZwJswfM7ainGrLO1+fOqa2g==}

  lru-cache@10.4.3:
    resolution: {integrity: sha512-JNAzZcXrCt42VGLuYz0zfAzDfAvJWW6AfYlDBQyDV5DClI2m5sAmK+OIO7s59XfsRsWHp02jAJrRadPRGTt6SQ==}

  marky@1.2.5:
    resolution: {integrity: sha512-q9JtQJKjpsVxCRVgQ+WapguSbKC3SQ5HEzFGPAJMStgh3QjCawp00UKv3MTTAArTmGmmPUvllHZoNbZ3gs0I+Q==}

  merge2@1.4.1:
    resolution: {integrity: sha512-8q7VEgMJW4J8tcfVPy8g09NcQwZdbwFEqhe/WZkoIzjn/3TGDwtOCYtXGxA3O8tPzpczCCDgv+P2P5y00ZJOOg==}
    engines: {node: '>= 8'}

  micromatch@4.0.5:
    resolution: {integrity: sha512-DMy+ERcEW2q8Z2Po+WNXuw3c5YaUSFjAO5GsJqfEl7UjvtIuFKO6ZrKvcItdy98dwFI2N1tg3zNIdKaQT+aNdA==}
    engines: {node: '>=8.6'}

  minimatch@9.0.5:
    resolution: {integrity: sha512-G6T0ZX48xgozx7587koeX9Ys2NYy6Gmv//P89sEte9V9whIapMNF4idKxnW2QtCcLiTWlb/wfCabAtAFWhhBow==}
    engines: {node: '>=16 || 14 >=14.17'}

  minipass@7.1.2:
    resolution: {integrity: sha512-qOOzS1cBTWYF4BH8fVePDBOO9iptMnGUEZwNc/cMWnTV2nVLZ7VoNWEPHkYczZA0pdoA7dl6e7FL659nX9S2aw==}
    engines: {node: '>=16 || 14 >=14.17'}

  ms@2.0.0:
    resolution: {integrity: sha512-Tpp60P6IUJDTuOq/5Z8cdskzJujfwqfOTkrwIwj7IRISpnkJnT6SyJ4PCPnGMoFjC9ddhal5KVIYtAt97ix05A==}

  package-json-from-dist@1.0.0:
    resolution: {integrity: sha512-dATvCeZN/8wQsGywez1mzHtTlP22H8OEfPrVMLNr4/eGa+ijtLn/6M5f0dY8UKNrC2O9UCU6SSoG3qRKnt7STw==}

  path-key@3.1.1:
    resolution: {integrity: sha512-ojmeN0qd+y0jszEtoY48r0Peq5dwMEkIlCOu6Q5f41lfkswXuKtYrhgoTpLnyIcHm24Uhqx+5Tqm2InSwLhE6Q==}
    engines: {node: '>=8'}

  path-scurry@1.11.1:
    resolution: {integrity: sha512-Xa4Nw17FS9ApQFJ9umLiJS4orGjm7ZzwUrwamcGQuHSzDyth9boKDaycYdDcZDuqYATXw4HFXgaqWTctW/v1HA==}
    engines: {node: '>=16 || 14 >=14.18'}

  picomatch@2.3.1:
    resolution: {integrity: sha512-JU3teHTNjmE2VCGFzuY8EXzCDVwEqB2a8fsIvwaStHhAWJEeVd1o1QD80CU6+ZdEXXSLbSsuLwJjkCBWqRQUVA==}
    engines: {node: '>=8.6'}

  queue-microtask@1.2.3:
    resolution: {integrity: sha512-NuaNSa6flKT5JaSYQzJok04JzTL1CA6aGhv5rfLW3PgqA+M2ChpZQnAC8h8i4ZFkBS8X5RqkDBHA7r4hej3K9A==}

  reusify@1.0.4:
    resolution: {integrity: sha512-U9nH88a3fc/ekCF1l0/UP1IosiuIjyTh7hBvXVMHYgVcfGvt897Xguj2UOLDeI5BG2m7/uwyaLVT6fbtCwTyzw==}
    engines: {iojs: '>=1.0.0', node: '>=0.10.0'}

  rollup-plugin-swc3@0.8.0:
    resolution: {integrity: sha512-IJapqORpU4NgSJHaFvbTcUe4WQPzgE6v8Suu95ZO4Qw1VwGRcuurvSCuYX1fIzR+DLVlZH4zq/T6uqbmw3Bzxw==}
    engines: {node: '>=12'}
    peerDependencies:
      '@swc/core': '>=1.2.165'
      rollup: ^2.0.0 || ^3.0.0

  rollup@3.9.0:
    resolution: {integrity: sha512-nGGylpmblyjTpF4lEUPgmOw6OVxRvnI6Iuuh6Lz4O/X66cVOX1XJSsqP1YamxQ+mPuFE7qJxLFDSCk8rNv5dDw==}
    engines: {node: '>=14.18.0', npm: '>=8.0.0'}
    hasBin: true

  run-parallel@1.2.0:
    resolution: {integrity: sha512-5l4VyZR86LZ/lDxZTR6jqL8AFE2S0IFLMP26AbjsLVADxHdhB/c0GUsH+y39UfCi3dzz8OlQuPmnaJOMoDHQBA==}

  shebang-command@2.0.0:
    resolution: {integrity: sha512-kHxr2zZpYtdmrN1qDjrrX/Z1rR1kG8Dx+gkpK1G4eXmvXswmcE1hTWBWYUzlraYw1/yZp6YuDY77YtvbN0dmDA==}
    engines: {node: '>=8'}

  shebang-regex@3.0.0:
    resolution: {integrity: sha512-7++dFhtcx3353uBaq8DDR4NuxBetBzC7ZQOhmTQInHEd6bSrXdiEyzCvG07Z44UYdLShWUyXt5M/yhz8ekcb1A==}
    engines: {node: '>=8'}

  signal-exit@4.1.0:
    resolution: {integrity: sha512-bzyZ1e88w9O1iNJbKnOlvYTrWPDl46O1bG0D3XInv+9tkPrxrN8jUUTiFlDkkmKWgn1M6CfIA13SuGqOa9Korw==}
    engines: {node: '>=14'}

  source-map@0.7.4:
    resolution: {integrity: sha512-l3BikUxvPOcn5E74dZiq5BGsTb5yEwhaTSzccU6t4sDOH8NWJCstKO5QT2CvtFoK6F0saL7p9xHAqHOlCPJygA==}
    engines: {node: '>= 8'}

  string-width@4.2.3:
    resolution: {integrity: sha512-wKyQRQpjJ0sIp62ErSZdGsjMJWsap5oRNihHhu6G7JVO/9jIB6UyevL+tXuOqrng8j/cxKTWyWUwvSTriiZz/g==}
    engines: {node: '>=8'}

  string-width@5.1.2:
    resolution: {integrity: sha512-HnLOCR3vjcY8beoNLtcjZ5/nxn2afmME6lhrDrebokqMap+XbeW8n9TXpPDOqdGK5qcI3oT0GKTW6wC7EMiVqA==}
    engines: {node: '>=12'}

  strip-ansi@6.0.1:
    resolution: {integrity: sha512-Y38VPSHcqkFrCpFnQ9vuSXmquuv5oXOKpGeT6aGrr3o3Gc9AlVa6JBfUSOCnbxGGZF+/0ooI7KrPuUSztUdU5A==}
    engines: {node: '>=8'}

  strip-ansi@7.1.0:
    resolution: {integrity: sha512-iq6eVVI64nQQTRYq2KtEg2d2uU7LElhTJwsH4YzIHZshxlgZms/wIc4VoDQTlG/IvVIrBKG06CrZnp0qv7hkcQ==}
    engines: {node: '>=12'}

  tmp@0.2.3:
    resolution: {integrity: sha512-nZD7m9iCPC5g0pYmcaxogYKggSfLsdxl8of3Q/oIbqCqLLIO9IAF0GWjX1z9NZRHPiXv8Wex4yDCaZsgEw0Y8w==}
    engines: {node: '>=14.14'}

  to-regex-range@5.0.1:
    resolution: {integrity: sha512-65P7iz6X5yEr1cwcgvQxbbIw7Uk3gOy5dIdtZ4rDveLqhrdJP+Li/Hx6tyK0NEb+2GCyneCMJiGqrADCSNk8sQ==}
    engines: {node: '>=8.0'}

  typescript@4.9.4:
    resolution: {integrity: sha512-Uz+dTXYzxXXbsFpM86Wh3dKCxrQqUcVMxwU54orwlJjOpO3ao8L7j5lH+dWfTwgCwIuM9GQ2kvVotzYJMXTBZg==}
    engines: {node: '>=4.2.0'}
    hasBin: true

  typescript@5.5.4:
    resolution: {integrity: sha512-Mtq29sKDAEYP7aljRgtPOpTvOfbwRWlS6dPRzwjdE+C0R4brX/GUyhHSecbHMFLNBLcJIPt9nl9yG5TZ1weH+Q==}
    engines: {node: '>=14.17'}
    hasBin: true

  undici-types@6.19.8:
    resolution: {integrity: sha512-ve2KP6f/JnbPBFyobGHuerC9g1FYGn/F8n1LWTwNxCEzd6IfqTwUQcNXgEtmmQ6DlRrC1hrSrBnCZPokRrDHjw==}

  which@2.0.2:
    resolution: {integrity: sha512-BLI3Tl1TW3Pvl70l3yq3Y64i+awpwXqsGBYWkkqMtnbXgrMD+yj7rhW0kuEDxzJaYXGjEW5ogapKNMEKNMjibA==}
    engines: {node: '>= 8'}
    hasBin: true

  wrap-ansi@7.0.0:
    resolution: {integrity: sha512-YVGIj2kamLSTxw6NsZjoBxfSwsn0ycdesmc4p+Q21c5zPuZ1pl+NfxVdxPtdHvmNVOQ6XSYG4AUtyt/Fi7D16Q==}
    engines: {node: '>=10'}

  wrap-ansi@8.1.0:
    resolution: {integrity: sha512-si7QWI6zUMq56bESFvagtmzMdGOtoxfR+Sez11Mobfc7tm+VkUckk9bW2UeffTGVUbOksxmSw0AA2gs8g71NCQ==}
    engines: {node: '>=12'}

  ws@7.5.9:
    resolution: {integrity: sha512-F+P9Jil7UiSKSkppIiD94dN07AwvFixvLIj1Og1Rl9GGMuNipJnV9JzjD6XuqmAeiswGvUmNLjr5cFuXwNS77Q==}
    engines: {node: '>=8.3.0'}
    peerDependencies:
      bufferutil: ^4.0.1
      utf-8-validate: ^5.0.2
    peerDependenciesMeta:
      bufferutil:
        optional: true
      utf-8-validate:
        optional: true

snapshots:

  '@fastify/deepmerge@1.3.0': {}

  '@isaacs/cliui@8.0.2':
    dependencies:
      string-width: 5.1.2
      string-width-cjs: string-width@4.2.3
      strip-ansi: 7.1.0
      strip-ansi-cjs: strip-ansi@6.0.1
      wrap-ansi: 8.1.0
      wrap-ansi-cjs: wrap-ansi@7.0.0

  '@nodelib/fs.scandir@2.1.5':
    dependencies:
      '@nodelib/fs.stat': 2.0.5
      run-parallel: 1.2.0

  '@nodelib/fs.stat@2.0.5': {}

  '@nodelib/fs.walk@1.2.8':
    dependencies:
      '@nodelib/fs.scandir': 2.1.5
      fastq: 1.14.0

  '@pkgjs/parseargs@0.11.0':
    optional: true

  '@rollup/pluginutils@4.2.1':
    dependencies:
      estree-walker: 2.0.2
      picomatch: 2.3.1

  '@swc/core-darwin-arm64@1.3.24':
    optional: true

  '@swc/core-darwin-x64@1.3.24':
    optional: true

  '@swc/core-linux-arm-gnueabihf@1.3.24':
    optional: true

  '@swc/core-linux-arm64-gnu@1.3.24':
    optional: true

  '@swc/core-linux-arm64-musl@1.3.24':
    optional: true

  '@swc/core-linux-x64-gnu@1.3.24':
    optional: true

  '@swc/core-linux-x64-musl@1.3.24':
    optional: true

  '@swc/core-win32-arm64-msvc@1.3.24':
    optional: true

  '@swc/core-win32-ia32-msvc@1.3.24':
    optional: true

  '@swc/core-win32-x64-msvc@1.3.24':
    optional: true

  '@swc/core@1.3.24':
    optionalDependencies:
      '@swc/core-darwin-arm64': 1.3.24
      '@swc/core-darwin-x64': 1.3.24
      '@swc/core-linux-arm-gnueabihf': 1.3.24
      '@swc/core-linux-arm64-gnu': 1.3.24
      '@swc/core-linux-arm64-musl': 1.3.24
      '@swc/core-linux-x64-gnu': 1.3.24
      '@swc/core-linux-x64-musl': 1.3.24
      '@swc/core-win32-arm64-msvc': 1.3.24
      '@swc/core-win32-ia32-msvc': 1.3.24
      '@swc/core-win32-x64-msvc': 1.3.24

  '@tsconfig/node18@1.0.1': {}

  '@tsconfig/node22@22.0.0': {}

  '@types/chrome-remote-interface@0.31.14':
    dependencies:
      devtools-protocol: 0.0.927104

  '@types/chrome@0.0.206':
    dependencies:
      '@types/filesystem': 0.0.32
      '@types/har-format': 1.2.11

  '@types/filesystem@0.0.32':
    dependencies:
      '@types/filewriter': 0.0.29

  '@types/filewriter@0.0.29': {}

  '@types/har-format@1.2.11': {}

  '@types/jasmine@5.1.4': {}

  '@types/node@22.5.0':
    dependencies:
      undici-types: 6.19.8

  '@types/tmp@0.2.3': {}

  ansi-regex@5.0.1: {}

  ansi-regex@6.0.1: {}

  ansi-styles@4.3.0:
    dependencies:
      color-convert: 2.0.1

  ansi-styles@6.2.1: {}

  balanced-match@1.0.2: {}

  brace-expansion@2.0.1:
    dependencies:
      balanced-match: 1.0.2

  braces@3.0.2:
    dependencies:
      fill-range: 7.0.1

  chrome-launcher@0.15.2:
    dependencies:
      '@types/node': 22.5.0
      escape-string-regexp: 4.0.0
      is-wsl: 2.2.0
      lighthouse-logger: 1.4.2
    transitivePeerDependencies:
      - supports-color

  chrome-remote-interface@0.33.2:
    dependencies:
      commander: 2.11.0
      ws: 7.5.9
    transitivePeerDependencies:
      - bufferutil
      - utf-8-validate

  color-convert@2.0.1:
    dependencies:
      color-name: 1.1.4

  color-name@1.1.4: {}

  commander@2.11.0: {}

  cross-spawn@7.0.3:
    dependencies:
      path-key: 3.1.1
      shebang-command: 2.0.0
      which: 2.0.2

  debug@2.6.9:
    dependencies:
      ms: 2.0.0

  devtools-protocol@0.0.927104: {}

  eastasianwidth@0.2.0: {}

  emoji-regex@8.0.0: {}

  emoji-regex@9.2.2: {}

  escape-string-regexp@4.0.0: {}

  estree-walker@2.0.2: {}

  fast-glob@3.2.12:
    dependencies:
      '@nodelib/fs.stat': 2.0.5
      '@nodelib/fs.walk': 1.2.8
      glob-parent: 5.1.2
      merge2: 1.4.1
      micromatch: 4.0.5

  fastq@1.14.0:
    dependencies:
      reusify: 1.0.4

  fill-range@7.0.1:
    dependencies:
      to-regex-range: 5.0.1

  foreground-child@3.3.0:
    dependencies:
      cross-spawn: 7.0.3
      signal-exit: 4.1.0

  fsevents@2.3.2:
    optional: true

  get-tsconfig@4.2.0: {}

  glob-parent@5.1.2:
    dependencies:
      is-glob: 4.0.3

  glob@10.4.5:
    dependencies:
      foreground-child: 3.3.0
      jackspeak: 3.4.3
      minimatch: 9.0.5
      minipass: 7.1.2
      package-json-from-dist: 1.0.0
      path-scurry: 1.11.1

  is-docker@2.2.1: {}

  is-extglob@2.1.1: {}

  is-fullwidth-code-point@3.0.0: {}

  is-glob@4.0.3:
    dependencies:
      is-extglob: 2.1.1

  is-number@7.0.0: {}

  is-wsl@2.2.0:
    dependencies:
      is-docker: 2.2.1

  isexe@2.0.0: {}

  jackspeak@3.4.3:
    dependencies:
      '@isaacs/cliui': 8.0.2
    optionalDependencies:
      '@pkgjs/parseargs': 0.11.0

  jasmine-core@5.2.0: {}

  jasmine@5.2.0:
    dependencies:
      glob: 10.4.5
      jasmine-core: 5.2.0

  lighthouse-logger@1.4.2:
    dependencies:
      debug: 2.6.9
      marky: 1.2.5
    transitivePeerDependencies:
      - supports-color

  lru-cache@10.4.3: {}

  marky@1.2.5: {}

  merge2@1.4.1: {}

  micromatch@4.0.5:
    dependencies:
      braces: 3.0.2
      picomatch: 2.3.1

  minimatch@9.0.5:
    dependencies:
      brace-expansion: 2.0.1

  minipass@7.1.2: {}

  ms@2.0.0: {}

  package-json-from-dist@1.0.0: {}

  path-key@3.1.1: {}

  path-scurry@1.11.1:
    dependencies:
      lru-cache: 10.4.3
      minipass: 7.1.2

  picomatch@2.3.1: {}

  queue-microtask@1.2.3: {}

  reusify@1.0.4: {}

  rollup-plugin-swc3@0.8.0(@swc/core@1.3.24)(rollup@3.9.0):
    dependencies:
      '@fastify/deepmerge': 1.3.0
      '@rollup/pluginutils': 4.2.1
      '@swc/core': 1.3.24
      get-tsconfig: 4.2.0
      rollup: 3.9.0

  rollup@3.9.0:
    optionalDependencies:
      fsevents: 2.3.2

  run-parallel@1.2.0:
    dependencies:
      queue-microtask: 1.2.3

  shebang-command@2.0.0:
    dependencies:
      shebang-regex: 3.0.0

  shebang-regex@3.0.0: {}

  signal-exit@4.1.0: {}

  source-map@0.7.4: {}

  string-width@4.2.3:
    dependencies:
      emoji-regex: 8.0.0
      is-fullwidth-code-point: 3.0.0
      strip-ansi: 6.0.1

  string-width@5.1.2:
    dependencies:
      eastasianwidth: 0.2.0
      emoji-regex: 9.2.2
      strip-ansi: 7.1.0

  strip-ansi@6.0.1:
    dependencies:
      ansi-regex: 5.0.1

  strip-ansi@7.1.0:
    dependencies:
      ansi-regex: 6.0.1

  tmp@0.2.3: {}

  to-regex-range@5.0.1:
    dependencies:
      is-number: 7.0.0

  typescript@4.9.4: {}

  typescript@5.5.4: {}

  undici-types@6.19.8: {}

  which@2.0.2:
    dependencies:
      isexe: 2.0.0

  wrap-ansi@7.0.0:
    dependencies:
      ansi-styles: 4.3.0
      string-width: 4.2.3
      strip-ansi: 6.0.1

  wrap-ansi@8.1.0:
    dependencies:
      ansi-styles: 6.2.1
      string-width: 5.1.2
      strip-ansi: 7.1.0

  ws@7.5.9: {}
